PODS:
  - Alamofire (5.4.4)
  - ObjectMapper (4.2.0)
  - SkeletonView (1.26.0)
  - SwiftyJSON (5.0.1)

DEPENDENCIES:
  - Alamofire
  - ObjectMapper
  - SkeletonView
  - SwiftyJSON

SPEC REPOS:
  trunk:
    - Alamofire
    - ObjectMapper
    - SkeletonView
    - SwiftyJSON

SPEC CHECKSUMS:
  Alamofire: f3b09a368f1582ab751b3fff5460276e0d2cf5c9
  ObjectMapper: 1eb41f610210777375fa806bf161dc39fb832b81
  SkeletonView: 6b62a8ddbc64abb113ea3243e4a9979e5750f147
  SwiftyJSON: 2f33a42c6fbc52764d96f13368585094bfd8aa5e

PODFILE CHECKSUM: 1ae69908581feaa69267366487e18f9e26ebb473

COCOAPODS: 1.11.2
